<?xml version="1.0" encoding="utf-8"?>
<Project ToolsVersion="4.0" xmlns="http://schemas.microsoft.com/developer/msbuild/2003">
  <ItemGroup>
    <Filter Include="Resource Files">
      <UniqueIdentifier>{67DA6AB6-F800-4c08-8B7A-83BB121AAD01}</UniqueIdentifier>
      <Extensions>rc;ico;cur;bmp;dlg;rc2;rct;bin;rgs;gif;jpg;jpeg;jpe;resx;tiff;tif;png;wav;mfcribbon-ms</Extensions>
    </Filter>
    <Filter Include="MainFiles">
      <UniqueIdentifier>{93995380-89BD-4b04-88EB-625FBE52EBFB}</UniqueIdentifier>
      <Extensions>h;hh;hpp;hxx;h++;hm;inl;inc;ipp;xsd</Extensions>
    </Filter>
    <Filter Include="Scenes">
      <UniqueIdentifier>{4FC737F1-C7A5-4376-A066-2A32D752A2FF}</UniqueIdentifier>
      <Extensions>cpp;c;cc;cxx;c++;def;odl;idl;hpj;bat;asm;asmx</Extensions>
    </Filter>
    <Filter Include="GameElements">
      <UniqueIdentifier>{0fad58bc-5786-461c-8a16-9cb4808de602}</UniqueIdentifier>
    </Filter>
    <Filter Include="Helpers">
      <UniqueIdentifier>{c1b03216-ef29-4e42-92b6-0ca454f6c5ad}</UniqueIdentifier>
    </Filter>
    <Filter Include="GameElements\Player">
      <UniqueIdentifier>{0854e96d-b95a-4ce3-b4e8-0e73b6ecc318}</UniqueIdentifier>
    </Filter>
    <Filter Include="GameElements\Enemy">
      <UniqueIdentifier>{6c417cd5-009d-4682-a346-616f42f29b8b}</UniqueIdentifier>
    </Filter>
    <Filter Include="GameElements\Environment">
      <UniqueIdentifier>{26379eb8-535e-434d-952d-8325fc2ee8ab}</UniqueIdentifier>
    </Filter>
  </ItemGroup>
  <ItemGroup>
    <ClCompile Include="main.cpp">
      <Filter>MainFiles</Filter>
    </ClCompile>
    <ClCompile Include="Game.cpp">
      <Filter>MainFiles</Filter>
    </ClCompile>
    <ClCompile Include="PlayerStatsSystem.cpp">
      <Filter>GameElements</Filter>
    </ClCompile>
    <ClCompile Include="EnemyComponent.cpp">
      <Filter>GameElements\Enemy</Filter>
    </ClCompile>
    <ClCompile Include="AIController.cpp">
      <Filter>GameElements\Enemy</Filter>
    </ClCompile>
    <ClCompile Include="DiggerComponent.cpp">
      <Filter>GameElements\Player</Filter>
    </ClCompile>
    <ClCompile Include="FireBallComponent.cpp">
      <Filter>GameElements\Player</Filter>
    </ClCompile>
    <ClCompile Include="DirtBlockComponent.cpp">
      <Filter>GameElements\Environment</Filter>
    </ClCompile>
    <ClCompile Include="ChunkCenterComponent.cpp">
      <Filter>GameElements\Environment</Filter>
    </ClCompile>
    <ClCompile Include="Level1_Scene.cpp">
      <Filter>Scenes</Filter>
    </ClCompile>
    <ClCompile Include="TestScene.cpp">
      <Filter>Scenes</Filter>
    </ClCompile>
  </ItemGroup>
  <ItemGroup>
    <ClInclude Include="Game.h">
      <Filter>MainFiles</Filter>
    </ClInclude>
    <ClInclude Include="PlayerStatsSystem.h">
      <Filter>GameElements</Filter>
    </ClInclude>
    <ClInclude Include="DoritoFactory.h">
      <Filter>Helpers</Filter>
    </ClInclude>
    <ClInclude Include="EnemyComponent.h">
      <Filter>GameElements\Enemy</Filter>
    </ClInclude>
    <ClInclude Include="AIController.h">
      <Filter>GameElements\Enemy</Filter>
    </ClInclude>
    <ClInclude Include="DiggerComponent.h">
      <Filter>GameElements\Player</Filter>
    </ClInclude>
    <ClInclude Include="FireBallComponent.h">
      <Filter>GameElements\Player</Filter>
    </ClInclude>
    <ClInclude Include="DirtBlockComponent.h">
      <Filter>GameElements\Environment</Filter>
    </ClInclude>
    <ClInclude Include="ChunkCenterComponent.h">
      <Filter>GameElements\Environment</Filter>
    </ClInclude>
    <ClInclude Include="Level1_Scene.h">
      <Filter>Scenes</Filter>
    </ClInclude>
    <ClInclude Include="TestScene.h">
      <Filter>Scenes</Filter>
    </ClInclude>
  </ItemGroup>
</Project>