
Microsoft Visual Studio Solution File, Format Version 12.00
# Visual Studio Version 16
VisualStudioVersion = 16.0.29806.167
MinimumVisualStudioVersion = 10.0.40219.1
Project("{8BC9CEB8-8B4A-11D0-8D11-00A0C91BC942}") = "DoritoEngine", "DoritoEngine\DoritoEngine.vcxproj", "{392CC34E-EB99-4605-81D8-12077A927464}"
EndProject
Project("{8BC9CEB8-8B4A-11D0-8D11-00A0C91BC942}") = "BubbleBobble", "BubbleBobble\BubbleBobble.vcxproj", "{325DDB26-60CB-4D82-9FC1-59D3F449A9D8}"
EndProject
Global
	GlobalSection(SolutionConfigurationPlatforms) = preSolution
		Debug|x64 = Debug|x64
		Debug|x86 = Debug|x86
		Release|x64 = Release|x64
		Release|x86 = Release|x86
	EndGlobalSection
	GlobalSection(ProjectConfigurationPlatforms) = postSolution
		{392CC34E-EB99-4605-81D8-12077A927464}.Debug|x64.ActiveCfg = Debug|x64
		{392CC34E-EB99-4605-81D8-12077A927464}.Debug|x64.Build.0 = Debug|x64
		{392CC34E-EB99-4605-81D8-12077A927464}.Debug|x86.ActiveCfg = Debug|Win32
		{392CC34E-EB99-4605-81D8-12077A927464}.Debug|x86.Build.0 = Debug|Win32
		{392CC34E-EB99-4605-81D8-12077A927464}.Release|x64.ActiveCfg = Release|x64
		{392CC34E-EB99-4605-81D8-12077A927464}.Release|x64.Build.0 = Release|x64
		{392CC34E-EB99-4605-81D8-12077A927464}.Release|x86.ActiveCfg = Release|Win32
		{392CC34E-EB99-4605-81D8-12077A927464}.Release|x86.Build.0 = Release|Win32
		{325DDB26-60CB-4D82-9FC1-59D3F449A9D8}.Debug|x64.ActiveCfg = Debug|x64
		{325DDB26-60CB-4D82-9FC1-59D3F449A9D8}.Debug|x64.Build.0 = Debug|x64
		{325DDB26-60CB-4D82-9FC1-59D3F449A9D8}.Debug|x86.ActiveCfg = Debug|Win32
		{325DDB26-60CB-4D82-9FC1-59D3F449A9D8}.Debug|x86.Build.0 = Debug|Win32
		{325DDB26-60CB-4D82-9FC1-59D3F449A9D8}.Release|x64.ActiveCfg = Release|x64
		{325DDB26-60CB-4D82-9FC1-59D3F449A9D8}.Release|x64.Build.0 = Release|x64
		{325DDB26-60CB-4D82-9FC1-59D3F449A9D8}.Release|x86.ActiveCfg = Release|Win32
		{325DDB26-60CB-4D82-9FC1-59D3F449A9D8}.Release|x86.Build.0 = Release|Win32
	EndGlobalSection
	GlobalSection(SolutionProperties) = preSolution
		HideSolutionNode = FALSE
	EndGlobalSection
	GlobalSection(ExtensibilityGlobals) = postSolution
		SolutionGuid = {9D199B84-0987-40E1-AD8B-7BD3CE5444CA}
	EndGlobalSection
EndGlobal
